// !$*UTF8*$!
{
	archiveVersion = 1;
	classes = {
	};
	objectVersion = 46;
	objects = {

/* Begin PBXBuildFile section */
		DB14BFB61D4BEAC400E29F86 /* Speech.framework in Frameworks */ = {isa = PBXBuildFile; fileRef = DB14BFB51D4BEAC400E29F86 /* Speech.framework */; settings = {ATTRIBUTES = (Weak, ); }; };
		DB4D88A21D4B871600B1E350 /* SKLBits.framework in Frameworks */ = {isa = PBXBuildFile; fileRef = DB4D889B1D4B86D100B1E350 /* SKLBits.framework */; };
		DB4D88A31D4B871600B1E350 /* SKLBits.framework in Embed Frameworks */ = {isa = PBXBuildFile; fileRef = DB4D889B1D4B86D100B1E350 /* SKLBits.framework */; settings = {ATTRIBUTES = (CodeSignOnCopy, RemoveHeadersOnCopy, ); }; };
		DB4D88A61D4B871D00B1E350 /* SKLBits.framework in Frameworks */ = {isa = PBXBuildFile; fileRef = DB4D88951D4B86D100B1E350 /* SKLBits.framework */; };
		DB4D88A71D4B871D00B1E350 /* SKLBits.framework in Embed Frameworks */ = {isa = PBXBuildFile; fileRef = DB4D88951D4B86D100B1E350 /* SKLBits.framework */; settings = {ATTRIBUTES = (CodeSignOnCopy, RemoveHeadersOnCopy, ); }; };
		DB76703C1D39256D00DF7D95 /* AppDelegate.swift in Sources */ = {isa = PBXBuildFile; fileRef = DB76703B1D39256D00DF7D95 /* AppDelegate.swift */; };
		DB76703E1D39256D00DF7D95 /* ViewController.swift in Sources */ = {isa = PBXBuildFile; fileRef = DB76703D1D39256D00DF7D95 /* ViewController.swift */; };
		DB7670401D39256D00DF7D95 /* Assets.xcassets in Resources */ = {isa = PBXBuildFile; fileRef = DB76703F1D39256D00DF7D95 /* Assets.xcassets */; };
		DB7670431D39256D00DF7D95 /* Main.storyboard in Resources */ = {isa = PBXBuildFile; fileRef = DB7670411D39256D00DF7D95 /* Main.storyboard */; };
		DB8980181D3A7FA300BC96F4 /* test.png in Resources */ = {isa = PBXBuildFile; fileRef = DB8980171D3A7FA300BC96F4 /* test.png */; };
		DB8980201D3A841900BC96F4 /* AppDelegate.swift in Sources */ = {isa = PBXBuildFile; fileRef = DB89801F1D3A841900BC96F4 /* AppDelegate.swift */; };
		DB8980221D3A841900BC96F4 /* ViewController.swift in Sources */ = {isa = PBXBuildFile; fileRef = DB8980211D3A841900BC96F4 /* ViewController.swift */; };
		DB8980251D3A841900BC96F4 /* Main.storyboard in Resources */ = {isa = PBXBuildFile; fileRef = DB8980231D3A841900BC96F4 /* Main.storyboard */; };
		DB8980271D3A841900BC96F4 /* Assets.xcassets in Resources */ = {isa = PBXBuildFile; fileRef = DB8980261D3A841900BC96F4 /* Assets.xcassets */; };
		DB89802A1D3A841900BC96F4 /* LaunchScreen.storyboard in Resources */ = {isa = PBXBuildFile; fileRef = DB8980281D3A841900BC96F4 /* LaunchScreen.storyboard */; };
		DB89802F1D3A844100BC96F4 /* test.png in Resources */ = {isa = PBXBuildFile; fileRef = DB8980171D3A7FA300BC96F4 /* test.png */; };
/* End PBXBuildFile section */

/* Begin PBXContainerItemProxy section */
		DB4D88941D4B86D100B1E350 /* PBXContainerItemProxy */ = {
			isa = PBXContainerItemProxy;
			containerPortal = DBEDC4D21D44626F00AB423C /* SKLBits.xcodeproj */;
			proxyType = 2;
			remoteGlobalIDString = DB7E9FF91D41C8B9000046CF;
			remoteInfo = "SKLBits iOS";
		};
		DB4D88961D4B86D100B1E350 /* PBXContainerItemProxy */ = {
			isa = PBXContainerItemProxy;
			containerPortal = DBEDC4D21D44626F00AB423C /* SKLBits.xcodeproj */;
			proxyType = 2;
			remoteGlobalIDString = DB7EA0121D41C939000046CF;
			remoteInfo = "SKLBits watchOS";
		};
		DB4D88981D4B86D100B1E350 /* PBXContainerItemProxy */ = {
			isa = PBXContainerItemProxy;
			containerPortal = DBEDC4D21D44626F00AB423C /* SKLBits.xcodeproj */;
			proxyType = 2;
			remoteGlobalIDString = DB7EA01F1D41CA92000046CF;
			remoteInfo = "SKLBits tvOS";
		};
		DB4D889A1D4B86D100B1E350 /* PBXContainerItemProxy */ = {
			isa = PBXContainerItemProxy;
			containerPortal = DBEDC4D21D44626F00AB423C /* SKLBits.xcodeproj */;
			proxyType = 2;
			remoteGlobalIDString = DB7EA02E1D41CB79000046CF;
			remoteInfo = "SKLBits macOS";
		};
		DB4D88A41D4B871600B1E350 /* PBXContainerItemProxy */ = {
			isa = PBXContainerItemProxy;
			containerPortal = DBEDC4D21D44626F00AB423C /* SKLBits.xcodeproj */;
			proxyType = 1;
			remoteGlobalIDString = DB7EA02D1D41CB79000046CF;
			remoteInfo = "SKLBits macOS";
		};
		DB4D88A81D4B871D00B1E350 /* PBXContainerItemProxy */ = {
			isa = PBXContainerItemProxy;
			containerPortal = DBEDC4D21D44626F00AB423C /* SKLBits.xcodeproj */;
			proxyType = 1;
			remoteGlobalIDString = DB7E9FF81D41C8B9000046CF;
			remoteInfo = "SKLBits iOS";
		};
/* End PBXContainerItemProxy section */

/* Begin PBXCopyFilesBuildPhase section */
		DB4D88821D4B850800B1E350 /* Embed Frameworks */ = {
			isa = PBXCopyFilesBuildPhase;
			buildActionMask = 2147483647;
			dstPath = "";
			dstSubfolderSpec = 10;
			files = (
				DB4D88A31D4B871600B1E350 /* SKLBits.framework in Embed Frameworks */,
			);
			name = "Embed Frameworks";
			runOnlyForDeploymentPostprocessing = 0;
		};
		DB4D88871D4B851A00B1E350 /* Embed Frameworks */ = {
			isa = PBXCopyFilesBuildPhase;
			buildActionMask = 2147483647;
			dstPath = "";
			dstSubfolderSpec = 10;
			files = (
				DB4D88A71D4B871D00B1E350 /* SKLBits.framework in Embed Frameworks */,
			);
			name = "Embed Frameworks";
			runOnlyForDeploymentPostprocessing = 0;
		};
/* End PBXCopyFilesBuildPhase section */

/* Begin PBXFileReference section */
		DB14BFB51D4BEAC400E29F86 /* Speech.framework */ = {isa = PBXFileReference; lastKnownFileType = wrapper.framework; name = Speech.framework; path = Platforms/iPhoneOS.platform/Developer/SDKs/iPhoneOS10.0.sdk/System/Library/Frameworks/Speech.framework; sourceTree = DEVELOPER_DIR; };
		DB7670381D39256D00DF7D95 /* macOS Log.app */ = {isa = PBXFileReference; explicitFileType = wrapper.application; includeInIndex = 0; path = "macOS Log.app"; sourceTree = BUILT_PRODUCTS_DIR; };
		DB76703B1D39256D00DF7D95 /* AppDelegate.swift */ = {isa = PBXFileReference; lastKnownFileType = sourcecode.swift; path = AppDelegate.swift; sourceTree = "<group>"; };
		DB76703D1D39256D00DF7D95 /* ViewController.swift */ = {isa = PBXFileReference; lastKnownFileType = sourcecode.swift; path = ViewController.swift; sourceTree = "<group>"; };
		DB76703F1D39256D00DF7D95 /* Assets.xcassets */ = {isa = PBXFileReference; lastKnownFileType = folder.assetcatalog; path = Assets.xcassets; sourceTree = "<group>"; };
		DB7670421D39256D00DF7D95 /* Base */ = {isa = PBXFileReference; lastKnownFileType = file.storyboard; name = Base; path = Base.lproj/Main.storyboard; sourceTree = "<group>"; };
		DB7670441D39256D00DF7D95 /* Info.plist */ = {isa = PBXFileReference; lastKnownFileType = text.plist.xml; path = Info.plist; sourceTree = "<group>"; };
		DB8980171D3A7FA300BC96F4 /* test.png */ = {isa = PBXFileReference; lastKnownFileType = image.png; path = test.png; sourceTree = "<group>"; };
		DB89801D1D3A841900BC96F4 /* iOS Log.app */ = {isa = PBXFileReference; explicitFileType = wrapper.application; includeInIndex = 0; path = "iOS Log.app"; sourceTree = BUILT_PRODUCTS_DIR; };
		DB89801F1D3A841900BC96F4 /* AppDelegate.swift */ = {isa = PBXFileReference; lastKnownFileType = sourcecode.swift; path = AppDelegate.swift; sourceTree = "<group>"; };
		DB8980211D3A841900BC96F4 /* ViewController.swift */ = {isa = PBXFileReference; lastKnownFileType = sourcecode.swift; path = ViewController.swift; sourceTree = "<group>"; };
		DB8980241D3A841900BC96F4 /* Base */ = {isa = PBXFileReference; lastKnownFileType = file.storyboard; name = Base; path = Base.lproj/Main.storyboard; sourceTree = "<group>"; };
		DB8980261D3A841900BC96F4 /* Assets.xcassets */ = {isa = PBXFileReference; lastKnownFileType = folder.assetcatalog; path = Assets.xcassets; sourceTree = "<group>"; };
		DB8980291D3A841900BC96F4 /* Base */ = {isa = PBXFileReference; lastKnownFileType = file.storyboard; name = Base; path = Base.lproj/LaunchScreen.storyboard; sourceTree = "<group>"; };
		DB89802B1D3A841900BC96F4 /* Info.plist */ = {isa = PBXFileReference; lastKnownFileType = text.plist.xml; path = Info.plist; sourceTree = "<group>"; };
		DB9663DB1D4C4331004575AA /* iOS Log.entitlements */ = {isa = PBXFileReference; lastKnownFileType = text.plist.entitlements; path = "iOS Log.entitlements"; sourceTree = "<group>"; };
		DBEDC4D21D44626F00AB423C /* SKLBits.xcodeproj */ = {isa = PBXFileReference; lastKnownFileType = "wrapper.pb-project"; name = SKLBits.xcodeproj; path = ../SKLBits.xcodeproj; sourceTree = "<group>"; };
/* End PBXFileReference section */

/* Begin PBXFrameworksBuildPhase section */
		DB7670351D39256D00DF7D95 /* Frameworks */ = {
			isa = PBXFrameworksBuildPhase;
			buildActionMask = 2147483647;
			files = (
				DB4D88A21D4B871600B1E350 /* SKLBits.framework in Frameworks */,
			);
			runOnlyForDeploymentPostprocessing = 0;
		};
		DB89801A1D3A841900BC96F4 /* Frameworks */ = {
			isa = PBXFrameworksBuildPhase;
			buildActionMask = 2147483647;
			files = (
				DB14BFB61D4BEAC400E29F86 /* Speech.framework in Frameworks */,
				DB4D88A61D4B871D00B1E350 /* SKLBits.framework in Frameworks */,
			);
			runOnlyForDeploymentPostprocessing = 0;
		};
/* End PBXFrameworksBuildPhase section */

/* Begin PBXGroup section */
		DB4D888D1D4B86D100B1E350 /* Products */ = {
			isa = PBXGroup;
			children = (
				DB4D88951D4B86D100B1E350 /* SKLBits.framework */,
				DB4D88971D4B86D100B1E350 /* SKLBits.framework */,
				DB4D88991D4B86D100B1E350 /* SKLBits.framework */,
				DB4D889B1D4B86D100B1E350 /* SKLBits.framework */,
			);
			name = Products;
			sourceTree = "<group>";
		};
		DB76702F1D39256D00DF7D95 = {
			isa = PBXGroup;
			children = (
				DBEDC4D21D44626F00AB423C /* SKLBits.xcodeproj */,
				DB76703A1D39256D00DF7D95 /* macOS Log */,
				DB89801E1D3A841900BC96F4 /* iOS Log */,
				DB7670391D39256D00DF7D95 /* Products */,
				DBEDC4C11D4461EA00AB423C /* Frameworks */,
			);
			sourceTree = "<group>";
		};
		DB7670391D39256D00DF7D95 /* Products */ = {
			isa = PBXGroup;
			children = (
				DB7670381D39256D00DF7D95 /* macOS Log.app */,
				DB89801D1D3A841900BC96F4 /* iOS Log.app */,
			);
			name = Products;
			sourceTree = "<group>";
		};
		DB76703A1D39256D00DF7D95 /* macOS Log */ = {
			isa = PBXGroup;
			children = (
				DB76703B1D39256D00DF7D95 /* AppDelegate.swift */,
				DB8980171D3A7FA300BC96F4 /* test.png */,
				DB76703D1D39256D00DF7D95 /* ViewController.swift */,
				DB76703F1D39256D00DF7D95 /* Assets.xcassets */,
				DB7670411D39256D00DF7D95 /* Main.storyboard */,
				DB7670441D39256D00DF7D95 /* Info.plist */,
			);
			name = "macOS Log";
			path = "macOS log";
			sourceTree = "<group>";
		};
		DB89801E1D3A841900BC96F4 /* iOS Log */ = {
			isa = PBXGroup;
			children = (
				DB9663DB1D4C4331004575AA /* iOS Log.entitlements */,
				DB89801F1D3A841900BC96F4 /* AppDelegate.swift */,
				DB8980211D3A841900BC96F4 /* ViewController.swift */,
				DB8980231D3A841900BC96F4 /* Main.storyboard */,
				DB8980261D3A841900BC96F4 /* Assets.xcassets */,
				DB8980281D3A841900BC96F4 /* LaunchScreen.storyboard */,
				DB89802B1D3A841900BC96F4 /* Info.plist */,
			);
			path = "iOS Log";
			sourceTree = "<group>";
		};
		DBEDC4C11D4461EA00AB423C /* Frameworks */ = {
			isa = PBXGroup;
			children = (
				DB14BFB51D4BEAC400E29F86 /* Speech.framework */,
			);
			name = Frameworks;
			sourceTree = "<group>";
		};
/* End PBXGroup section */

/* Begin PBXNativeTarget section */
		DB7670371D39256D00DF7D95 /* macOS Log */ = {
			isa = PBXNativeTarget;
			buildConfigurationList = DB7670471D39256D00DF7D95 /* Build configuration list for PBXNativeTarget "macOS Log" */;
			buildPhases = (
				DB7670341D39256D00DF7D95 /* Sources */,
				DB7670351D39256D00DF7D95 /* Frameworks */,
				DB7670361D39256D00DF7D95 /* Resources */,
				DB4D88821D4B850800B1E350 /* Embed Frameworks */,
			);
			buildRules = (
			);
			dependencies = (
				DB4D88A51D4B871600B1E350 /* PBXTargetDependency */,
			);
			name = "macOS Log";
			productName = NSLoggerSrc;
			productReference = DB7670381D39256D00DF7D95 /* macOS Log.app */;
			productType = "com.apple.product-type.application";
		};
		DB89801C1D3A841900BC96F4 /* iOS Log */ = {
			isa = PBXNativeTarget;
			buildConfigurationList = DB89802C1D3A841900BC96F4 /* Build configuration list for PBXNativeTarget "iOS Log" */;
			buildPhases = (
				DB8980191D3A841900BC96F4 /* Sources */,
				DB89801A1D3A841900BC96F4 /* Frameworks */,
				DB89801B1D3A841900BC96F4 /* Resources */,
				DB4D88871D4B851A00B1E350 /* Embed Frameworks */,
			);
			buildRules = (
			);
			dependencies = (
				DB4D88A91D4B871D00B1E350 /* PBXTargetDependency */,
			);
			name = "iOS Log";
			productName = "iOS Log";
			productReference = DB89801D1D3A841900BC96F4 /* iOS Log.app */;
			productType = "com.apple.product-type.application";
		};
/* End PBXNativeTarget section */

/* Begin PBXProject section */
		DB7670301D39256D00DF7D95 /* Project object */ = {
			isa = PBXProject;
			attributes = {
				LastSwiftUpdateCheck = 0800;
				LastUpgradeCheck = 0800;
				ORGANIZATIONNAME = droolingcat.com;
				TargetAttributes = {
					DB7670371D39256D00DF7D95 = {
						CreatedOnToolsVersion = 8.0;
						DevelopmentTeam = 5886TSL9MF;
						DevelopmentTeamName = "Simeon Leifer";
						LastSwiftMigration = 0800;
						ProvisioningStyle = Automatic;
					};
					DB89801C1D3A841900BC96F4 = {
						CreatedOnToolsVersion = 8.0;
						DevelopmentTeam = 5886TSL9MF;
						DevelopmentTeamName = "Simeon Leifer";
						ProvisioningStyle = Automatic;
						SystemCapabilities = {
							com.apple.Siri = {
								enabled = 1;
							};
						};
					};
				};
			};
			buildConfigurationList = DB7670331D39256D00DF7D95 /* Build configuration list for PBXProject "SKLBitsTestApps" */;
			compatibilityVersion = "Xcode 3.2";
			developmentRegion = English;
			hasScannedForEncodings = 0;
			knownRegions = (
				en,
				Base,
			);
			mainGroup = DB76702F1D39256D00DF7D95;
			productRefGroup = DB7670391D39256D00DF7D95 /* Products */;
			projectDirPath = "";
			projectReferences = (
				{
					ProductGroup = DB4D888D1D4B86D100B1E350 /* Products */;
					ProjectRef = DBEDC4D21D44626F00AB423C /* SKLBits.xcodeproj */;
				},
			);
			projectRoot = "";
			targets = (
				DB7670371D39256D00DF7D95 /* macOS Log */,
				DB89801C1D3A841900BC96F4 /* iOS Log */,
			);
		};
/* End PBXProject section */

/* Begin PBXReferenceProxy section */
		DB4D88951D4B86D100B1E350 /* SKLBits.framework */ = {
			isa = PBXReferenceProxy;
			fileType = wrapper.framework;
			path = SKLBits.framework;
			remoteRef = DB4D88941D4B86D100B1E350 /* PBXContainerItemProxy */;
			sourceTree = BUILT_PRODUCTS_DIR;
		};
		DB4D88971D4B86D100B1E350 /* SKLBits.framework */ = {
			isa = PBXReferenceProxy;
			fileType = wrapper.framework;
			path = SKLBits.framework;
			remoteRef = DB4D88961D4B86D100B1E350 /* PBXContainerItemProxy */;
			sourceTree = BUILT_PRODUCTS_DIR;
		};
		DB4D88991D4B86D100B1E350 /* SKLBits.framework */ = {
			isa = PBXReferenceProxy;
			fileType = wrapper.framework;
			path = SKLBits.framework;
			remoteRef = DB4D88981D4B86D100B1E350 /* PBXContainerItemProxy */;
			sourceTree = BUILT_PRODUCTS_DIR;
		};
		DB4D889B1D4B86D100B1E350 /* SKLBits.framework */ = {
			isa = PBXReferenceProxy;
			fileType = wrapper.framework;
			path = SKLBits.framework;
			remoteRef = DB4D889A1D4B86D100B1E350 /* PBXContainerItemProxy */;
			sourceTree = BUILT_PRODUCTS_DIR;
		};
/* End PBXReferenceProxy section */

/* Begin PBXResourcesBuildPhase section */
		DB7670361D39256D00DF7D95 /* Resources */ = {
			isa = PBXResourcesBuildPhase;
			buildActionMask = 2147483647;
			files = (
				DB7670401D39256D00DF7D95 /* Assets.xcassets in Resources */,
				DB7670431D39256D00DF7D95 /* Main.storyboard in Resources */,
				DB8980181D3A7FA300BC96F4 /* test.png in Resources */,
			);
			runOnlyForDeploymentPostprocessing = 0;
		};
		DB89801B1D3A841900BC96F4 /* Resources */ = {
			isa = PBXResourcesBuildPhase;
			buildActionMask = 2147483647;
			files = (
				DB89802A1D3A841900BC96F4 /* LaunchScreen.storyboard in Resources */,
				DB8980271D3A841900BC96F4 /* Assets.xcassets in Resources */,
				DB8980251D3A841900BC96F4 /* Main.storyboard in Resources */,
				DB89802F1D3A844100BC96F4 /* test.png in Resources */,
			);
			runOnlyForDeploymentPostprocessing = 0;
		};
/* End PBXResourcesBuildPhase section */

/* Begin PBXSourcesBuildPhase section */
		DB7670341D39256D00DF7D95 /* Sources */ = {
			isa = PBXSourcesBuildPhase;
			buildActionMask = 2147483647;
			files = (
				DB76703E1D39256D00DF7D95 /* ViewController.swift in Sources */,
				DB76703C1D39256D00DF7D95 /* AppDelegate.swift in Sources */,
			);
			runOnlyForDeploymentPostprocessing = 0;
		};
		DB8980191D3A841900BC96F4 /* Sources */ = {
			isa = PBXSourcesBuildPhase;
			buildActionMask = 2147483647;
			files = (
				DB8980221D3A841900BC96F4 /* ViewController.swift in Sources */,
				DB8980201D3A841900BC96F4 /* AppDelegate.swift in Sources */,
			);
			runOnlyForDeploymentPostprocessing = 0;
		};
/* End PBXSourcesBuildPhase section */

/* Begin PBXTargetDependency section */
		DB4D88A51D4B871600B1E350 /* PBXTargetDependency */ = {
			isa = PBXTargetDependency;
			name = "SKLBits macOS";
			targetProxy = DB4D88A41D4B871600B1E350 /* PBXContainerItemProxy */;
		};
		DB4D88A91D4B871D00B1E350 /* PBXTargetDependency */ = {
			isa = PBXTargetDependency;
			name = "SKLBits iOS";
			targetProxy = DB4D88A81D4B871D00B1E350 /* PBXContainerItemProxy */;
		};
/* End PBXTargetDependency section */

/* Begin PBXVariantGroup section */
		DB7670411D39256D00DF7D95 /* Main.storyboard */ = {
			isa = PBXVariantGroup;
			children = (
				DB7670421D39256D00DF7D95 /* Base */,
			);
			name = Main.storyboard;
			sourceTree = "<group>";
		};
		DB8980231D3A841900BC96F4 /* Main.storyboard */ = {
			isa = PBXVariantGroup;
			children = (
				DB8980241D3A841900BC96F4 /* Base */,
			);
			name = Main.storyboard;
			sourceTree = "<group>";
		};
		DB8980281D3A841900BC96F4 /* LaunchScreen.storyboard */ = {
			isa = PBXVariantGroup;
			children = (
				DB8980291D3A841900BC96F4 /* Base */,
			);
			name = LaunchScreen.storyboard;
			sourceTree = "<group>";
		};
/* End PBXVariantGroup section */

/* Begin XCBuildConfiguration section */
		DB7670451D39256D00DF7D95 /* Debug */ = {
			isa = XCBuildConfiguration;
			buildSettings = {
				ALWAYS_SEARCH_USER_PATHS = NO;
				CLANG_ANALYZER_NONNULL = YES;
				CLANG_CXX_LANGUAGE_STANDARD = "gnu++0x";
				CLANG_CXX_LIBRARY = "libc++";
				CLANG_ENABLE_MODULES = YES;
				CLANG_ENABLE_OBJC_ARC = YES;
				CLANG_WARN_BOOL_CONVERSION = YES;
				CLANG_WARN_CONSTANT_CONVERSION = YES;
				CLANG_WARN_DIRECT_OBJC_ISA_USAGE = YES_ERROR;
				CLANG_WARN_DOCUMENTATION_COMMENTS = YES;
				CLANG_WARN_EMPTY_BODY = YES;
				CLANG_WARN_ENUM_CONVERSION = YES;
				CLANG_WARN_INT_CONVERSION = YES;
				CLANG_WARN_OBJC_ROOT_CLASS = YES_ERROR;
				CLANG_WARN_UNREACHABLE_CODE = YES;
				CLANG_WARN__DUPLICATE_METHOD_MATCH = YES;
				CODE_SIGN_IDENTITY = "-";
				COPY_PHASE_STRIP = NO;
				DEBUG_INFORMATION_FORMAT = dwarf;
				ENABLE_STRICT_OBJC_MSGSEND = YES;
				ENABLE_TESTABILITY = YES;
				GCC_C_LANGUAGE_STANDARD = gnu99;
				GCC_DYNAMIC_NO_PIC = NO;
				GCC_NO_COMMON_BLOCKS = YES;
				GCC_OPTIMIZATION_LEVEL = 0;
				GCC_PREPROCESSOR_DEFINITIONS = (
					"DEBUG=1",
					"$(inherited)",
				);
				GCC_WARN_64_TO_32_BIT_CONVERSION = YES;
				GCC_WARN_ABOUT_RETURN_TYPE = YES_ERROR;
				GCC_WARN_UNDECLARED_SELECTOR = YES;
				GCC_WARN_UNINITIALIZED_AUTOS = YES_AGGRESSIVE;
				GCC_WARN_UNUSED_FUNCTION = YES;
				GCC_WARN_UNUSED_VARIABLE = YES;
				IPHONEOS_DEPLOYMENT_TARGET = 9.3;
				MACOSX_DEPLOYMENT_TARGET = 10.11;
				MTL_ENABLE_DEBUG_INFO = YES;
				ONLY_ACTIVE_ARCH = YES;
				SDKROOT = macosx;
				SWIFT_ACTIVE_COMPILATION_CONDITIONS = DEBUG;
				SWIFT_OPTIMIZATION_LEVEL = "-Onone";
			};
			name = Debug;
		};
		DB7670461D39256D00DF7D95 /* Release */ = {
			isa = XCBuildConfiguration;
			buildSettings = {
				ALWAYS_SEARCH_USER_PATHS = NO;
				CLANG_ANALYZER_NONNULL = YES;
				CLANG_CXX_LANGUAGE_STANDARD = "gnu++0x";
				CLANG_CXX_LIBRARY = "libc++";
				CLANG_ENABLE_MODULES = YES;
				CLANG_ENABLE_OBJC_ARC = YES;
				CLANG_WARN_BOOL_CONVERSION = YES;
				CLANG_WARN_CONSTANT_CONVERSION = YES;
				CLANG_WARN_DIRECT_OBJC_ISA_USAGE = YES_ERROR;
				CLANG_WARN_DOCUMENTATION_COMMENTS = YES;
				CLANG_WARN_EMPTY_BODY = YES;
				CLANG_WARN_ENUM_CONVERSION = YES;
				CLANG_WARN_INT_CONVERSION = YES;
				CLANG_WARN_OBJC_ROOT_CLASS = YES_ERROR;
				CLANG_WARN_UNREACHABLE_CODE = YES;
				CLANG_WARN__DUPLICATE_METHOD_MATCH = YES;
				CODE_SIGN_IDENTITY = "-";
				COPY_PHASE_STRIP = NO;
				DEBUG_INFORMATION_FORMAT = "dwarf-with-dsym";
				ENABLE_NS_ASSERTIONS = NO;
				ENABLE_STRICT_OBJC_MSGSEND = YES;
				GCC_C_LANGUAGE_STANDARD = gnu99;
				GCC_NO_COMMON_BLOCKS = YES;
				GCC_WARN_64_TO_32_BIT_CONVERSION = YES;
				GCC_WARN_ABOUT_RETURN_TYPE = YES_ERROR;
				GCC_WARN_UNDECLARED_SELECTOR = YES;
				GCC_WARN_UNINITIALIZED_AUTOS = YES_AGGRESSIVE;
				GCC_WARN_UNUSED_FUNCTION = YES;
				GCC_WARN_UNUSED_VARIABLE = YES;
				IPHONEOS_DEPLOYMENT_TARGET = 9.3;
				MACOSX_DEPLOYMENT_TARGET = 10.11;
				MTL_ENABLE_DEBUG_INFO = NO;
				SDKROOT = macosx;
				SWIFT_OPTIMIZATION_LEVEL = "-Owholemodule";
			};
			name = Release;
		};
		DB7670481D39256D00DF7D95 /* Debug */ = {
			isa = XCBuildConfiguration;
			buildSettings = {
				ALWAYS_EMBED_SWIFT_STANDARD_LIBRARIES = YES;
				ASSETCATALOG_COMPILER_APPICON_NAME = AppIcon;
				COMBINE_HIDPI_IMAGES = YES;
				INFOPLIST_FILE = "macOS Log/Info.plist";
				LD_RUNPATH_SEARCH_PATHS = "$(inherited) @executable_path/../Frameworks";
				MACOSX_DEPLOYMENT_TARGET = 10.11;
				PRODUCT_BUNDLE_IDENTIFIER = "com.droolingcat.macOS-Log";
				PRODUCT_NAME = "$(TARGET_NAME)";
				SWIFT_VERSION = 3.0;
			};
			name = Debug;
		};
		DB7670491D39256D00DF7D95 /* Release */ = {
			isa = XCBuildConfiguration;
			buildSettings = {
				ALWAYS_EMBED_SWIFT_STANDARD_LIBRARIES = YES;
				ASSETCATALOG_COMPILER_APPICON_NAME = AppIcon;
				COMBINE_HIDPI_IMAGES = YES;
				INFOPLIST_FILE = "macOS Log/Info.plist";
				LD_RUNPATH_SEARCH_PATHS = "$(inherited) @executable_path/../Frameworks";
				MACOSX_DEPLOYMENT_TARGET = 10.11;
				PRODUCT_BUNDLE_IDENTIFIER = "com.droolingcat.macOS-Log";
				PRODUCT_NAME = "$(TARGET_NAME)";
				SWIFT_VERSION = 3.0;
			};
			name = Release;
		};
		DB89802D1D3A841900BC96F4 /* Debug */ = {
			isa = XCBuildConfiguration;
			buildSettings = {
				ALWAYS_EMBED_SWIFT_STANDARD_LIBRARIES = YES;
				ASSETCATALOG_COMPILER_APPICON_NAME = AppIcon;
				CODE_SIGN_ENTITLEMENTS = "iOS Log/iOS Log.entitlements";
				"CODE_SIGN_IDENTITY[sdk=iphoneos*]" = "iPhone Developer";
				INFOPLIST_FILE = "iOS Log/Info.plist";
				IPHONEOS_DEPLOYMENT_TARGET = 9.3;
				LD_RUNPATH_SEARCH_PATHS = "$(inherited) @executable_path/Frameworks";
				PRODUCT_BUNDLE_IDENTIFIER = "com.droolingcat.iOS-Log";
				PRODUCT_NAME = "$(TARGET_NAME)";
				SDKROOT = iphoneos;
				SWIFT_VERSION = 3.0;
				TARGETED_DEVICE_FAMILY = "1,2";
			};
			name = Debug;
		};
		DB89802E1D3A841900BC96F4 /* Release */ = {
			isa = XCBuildConfiguration;
			buildSettings = {
				ALWAYS_EMBED_SWIFT_STANDARD_LIBRARIES = YES;
				ASSETCATALOG_COMPILER_APPICON_NAME = AppIcon;
				CODE_SIGN_ENTITLEMENTS = "iOS Log/iOS Log.entitlements";
				"CODE_SIGN_IDENTITY[sdk=iphoneos*]" = "iPhone Developer";
				INFOPLIST_FILE = "iOS Log/Info.plist";
				IPHONEOS_DEPLOYMENT_TARGET = 9.3;
				LD_RUNPATH_SEARCH_PATHS = "$(inherited) @executable_path/Frameworks";
				PRODUCT_BUNDLE_IDENTIFIER = "com.droolingcat.iOS-Log";
				PRODUCT_NAME = "$(TARGET_NAME)";
				SDKROOT = iphoneos;
				SWIFT_VERSION = 3.0;
				TARGETED_DEVICE_FAMILY = "1,2";
				VALIDATE_PRODUCT = YES;
			};
			name = Release;
		};
/* End XCBuildConfiguration section */

/* Begin XCConfigurationList section */
		DB7670331D39256D00DF7D95 /* Build configuration list for PBXProject "SKLBitsTestApps" */ = {
			isa = XCConfigurationList;
			buildConfigurations = (
				DB7670451D39256D00DF7D95 /* Debug */,
				DB7670461D39256D00DF7D95 /* Release */,
			);
			defaultConfigurationIsVisible = 0;
			defaultConfigurationName = Release;
		};
		DB7670471D39256D00DF7D95 /* Build configuration list for PBXNativeTarget "macOS Log" */ = {
			isa = XCConfigurationList;
			buildConfigurations = (
				DB7670481D39256D00DF7D95 /* Debug */,
				DB7670491D39256D00DF7D95 /* Release */,
			);
			defaultConfigurationIsVisible = 0;
			defaultConfigurationName = Release;
		};
		DB89802C1D3A841900BC96F4 /* Build configuration list for PBXNativeTarget "iOS Log" */ = {
			isa = XCConfigurationList;
			buildConfigurations = (
				DB89802D1D3A841900BC96F4 /* Debug */,
				DB89802E1D3A841900BC96F4 /* Release */,
			);
			defaultConfigurationIsVisible = 0;
			defaultConfigurationName = Release;
		};
/* End XCConfigurationList section */
	};
	rootObject = DB7670301D39256D00DF7D95 /* Project object */;
}
